
Microsoft Visual Studio Solution File, Format Version 12.00
# Visual Studio Version 17
VisualStudioVersion = 17.5.33516.290
MinimumVisualStudioVersion = 10.0.40219.1
Project("{FAE04EC0-301F-11D3-BF4B-00C04F79EFBC}") = "CrazyBallz", "CrazyBallz\CrazyBallz.csproj", "{DA216690-5076-4F27-879C-74A7DE9CE82B}"
EndProject
Global
	GlobalSection(SolutionConfigurationPlatforms) = preSolution
		Debug|Any CPU = Debug|Any CPU
		Release|Any CPU = Release|Any CPU
	EndGlobalSection
	GlobalSection(ProjectConfigurationPlatforms) = postSolution
		{DA216690-5076-4F27-879C-74A7DE9CE82B}.Debug|Any CPU.ActiveCfg = Debug|Any CPU
		{DA216690-5076-4F27-879C-74A7DE9CE82B}.Debug|Any CPU.Build.0 = Debug|Any CPU
		{DA216690-5076-4F27-879C-74A7DE9CE82B}.Release|Any CPU.ActiveCfg = Release|Any CPU
		{DA216690-5076-4F27-879C-74A7DE9CE82B}.Release|Any CPU.Build.0 = Release|Any CPU
	EndGlobalSection
	GlobalSection(SolutionProperties) = preSolution
		HideSolutionNode = FALSE
	EndGlobalSection
	GlobalSection(ExtensibilityGlobals) = postSolution
		SolutionGuid = {0ABC2799-F3B4-4380-B5C1-B61DC58A3692}
	EndGlobalSection
EndGlobal
