
Microsoft Visual Studio Solution File, Format Version 12.00
# Visual Studio Version 17
VisualStudioVersion = 17.5.33516.290
MinimumVisualStudioVersion = 10.0.40219.1
Project("{9A19103F-16F7-4668-BE54-9A1E7A4F7556}") = "ViewModel", "ViewModel\ViewModel.csproj", "{2A5F7B92-C104-4059-AE8A-60F5919001BC}"
EndProject
Project("{9A19103F-16F7-4668-BE54-9A1E7A4F7556}") = "Model", "Model\Model.csproj", "{6A9AE368-F2E0-4863-B07F-1B5555BA64E6}"
EndProject
Project("{9A19103F-16F7-4668-BE54-9A1E7A4F7556}") = "Logic", "Logic\Logic.csproj", "{4F0B858B-9F04-4596-844D-D9C51E53E475}"
EndProject
Project("{9A19103F-16F7-4668-BE54-9A1E7A4F7556}") = "View", "View\View.csproj", "{AD3C2D18-D2AC-4D82-A005-838DC4F14449}"
EndProject
Project("{9A19103F-16F7-4668-BE54-9A1E7A4F7556}") = "Tests", "Tests\Tests.csproj", "{DC76867E-8AD3-4EF1-B175-281C1CAC8460}"
EndProject
Project("{2150E333-8FDC-42A3-9474-1A3956D46DE8}") = "Presentation", "Presentation", "{A809A3BB-D4E4-423B-A06A-96479775E25F}"
EndProject
Project("{FAE04EC0-301F-11D3-BF4B-00C04F79EFBC}") = "Data", "Data\Data.csproj", "{178D00F7-3B6E-4494-96B8-F834695680EF}"
EndProject
Global
	GlobalSection(SolutionConfigurationPlatforms) = preSolution
		Debug|Any CPU = Debug|Any CPU
		Release|Any CPU = Release|Any CPU
	EndGlobalSection
	GlobalSection(ProjectConfigurationPlatforms) = postSolution
		{2A5F7B92-C104-4059-AE8A-60F5919001BC}.Debug|Any CPU.ActiveCfg = Debug|Any CPU
		{2A5F7B92-C104-4059-AE8A-60F5919001BC}.Debug|Any CPU.Build.0 = Debug|Any CPU
		{2A5F7B92-C104-4059-AE8A-60F5919001BC}.Release|Any CPU.ActiveCfg = Release|Any CPU
		{2A5F7B92-C104-4059-AE8A-60F5919001BC}.Release|Any CPU.Build.0 = Release|Any CPU
		{6A9AE368-F2E0-4863-B07F-1B5555BA64E6}.Debug|Any CPU.ActiveCfg = Debug|Any CPU
		{6A9AE368-F2E0-4863-B07F-1B5555BA64E6}.Debug|Any CPU.Build.0 = Debug|Any CPU
		{6A9AE368-F2E0-4863-B07F-1B5555BA64E6}.Release|Any CPU.ActiveCfg = Release|Any CPU
		{6A9AE368-F2E0-4863-B07F-1B5555BA64E6}.Release|Any CPU.Build.0 = Release|Any CPU
		{4F0B858B-9F04-4596-844D-D9C51E53E475}.Debug|Any CPU.ActiveCfg = Debug|Any CPU
		{4F0B858B-9F04-4596-844D-D9C51E53E475}.Debug|Any CPU.Build.0 = Debug|Any CPU
		{4F0B858B-9F04-4596-844D-D9C51E53E475}.Release|Any CPU.ActiveCfg = Release|Any CPU
		{4F0B858B-9F04-4596-844D-D9C51E53E475}.Release|Any CPU.Build.0 = Release|Any CPU
		{AD3C2D18-D2AC-4D82-A005-838DC4F14449}.Debug|Any CPU.ActiveCfg = Debug|Any CPU
		{AD3C2D18-D2AC-4D82-A005-838DC4F14449}.Debug|Any CPU.Build.0 = Debug|Any CPU
		{AD3C2D18-D2AC-4D82-A005-838DC4F14449}.Release|Any CPU.ActiveCfg = Release|Any CPU
		{AD3C2D18-D2AC-4D82-A005-838DC4F14449}.Release|Any CPU.Build.0 = Release|Any CPU
		{DC76867E-8AD3-4EF1-B175-281C1CAC8460}.Debug|Any CPU.ActiveCfg = Debug|Any CPU
		{DC76867E-8AD3-4EF1-B175-281C1CAC8460}.Debug|Any CPU.Build.0 = Debug|Any CPU
		{DC76867E-8AD3-4EF1-B175-281C1CAC8460}.Release|Any CPU.ActiveCfg = Release|Any CPU
		{DC76867E-8AD3-4EF1-B175-281C1CAC8460}.Release|Any CPU.Build.0 = Release|Any CPU
		{178D00F7-3B6E-4494-96B8-F834695680EF}.Debug|Any CPU.ActiveCfg = Debug|Any CPU
		{178D00F7-3B6E-4494-96B8-F834695680EF}.Debug|Any CPU.Build.0 = Debug|Any CPU
		{178D00F7-3B6E-4494-96B8-F834695680EF}.Release|Any CPU.ActiveCfg = Release|Any CPU
		{178D00F7-3B6E-4494-96B8-F834695680EF}.Release|Any CPU.Build.0 = Release|Any CPU
	EndGlobalSection
	GlobalSection(SolutionProperties) = preSolution
		HideSolutionNode = FALSE
	EndGlobalSection
	GlobalSection(NestedProjects) = preSolution
		{2A5F7B92-C104-4059-AE8A-60F5919001BC} = {A809A3BB-D4E4-423B-A06A-96479775E25F}
		{6A9AE368-F2E0-4863-B07F-1B5555BA64E6} = {A809A3BB-D4E4-423B-A06A-96479775E25F}
		{AD3C2D18-D2AC-4D82-A005-838DC4F14449} = {A809A3BB-D4E4-423B-A06A-96479775E25F}
	EndGlobalSection
	GlobalSection(ExtensibilityGlobals) = postSolution
		SolutionGuid = {0ABC2799-F3B4-4380-B5C1-B61DC58A3692}
	EndGlobalSection
EndGlobal
